// !$*UTF8*$!
{
	archiveVersion = 1;
	classes = {
	};
	objectVersion = 46;
	objects = {

/* Begin PBXBuildFile section */
		5031DD6D223743680039D838 /* OpencvFuncs.mm in Sources */ = {isa = PBXBuildFile; fileRef = 5031DD6C223743680039D838 /* OpencvFuncs.mm */; };
		5080B7F321915DC800170E85 /* RNOpencv3.mm in Sources */ = {isa = PBXBuildFile; fileRef = 5080B7F121915DC800170E85 /* RNOpencv3.mm */; };
		5084125722162E00007835FA /* CvInvoke.mm in Sources */ = {isa = PBXBuildFile; fileRef = 5084125622162E00007835FA /* CvInvoke.mm */; };
		50CC5D5321EEF945004B431E /* MatManager.mm in Sources */ = {isa = PBXBuildFile; fileRef = 50CC5D5221EEF945004B431E /* MatManager.mm */; };
		50FC7429219953C800A48FE3 /* CvCamera.mm in Sources */ = {isa = PBXBuildFile; fileRef = 50FC7426219953C800A48FE3 /* CvCamera.mm */; };
		50FC742A219953C800A48FE3 /* CvCameraView.m in Sources */ = {isa = PBXBuildFile; fileRef = 50FC7427219953C800A48FE3 /* CvCameraView.m */; };
		50FC747321997CC000A48FE3 /* FileUtils.mm in Sources */ = {isa = PBXBuildFile; fileRef = 50FC747221997CC000A48FE3 /* FileUtils.mm */; };
/* End PBXBuildFile section */

/* Begin PBXCopyFilesBuildPhase section */
		58B511D91A9E6C8500147676 /* CopyFiles */ = {
			isa = PBXCopyFilesBuildPhase;
			buildActionMask = 2147483647;
			dstPath = "include/$(PRODUCT_NAME)";
			dstSubfolderSpec = 16;
			files = (
			);
			runOnlyForDeploymentPostprocessing = 0;
		};
/* End PBXCopyFilesBuildPhase section */

/* Begin PBXFileReference section */
		134814201AA4EA6300B7C361 /* libRNOpencv3.a */ = {isa = PBXFileReference; explicitFileType = archive.ar; includeInIndex = 0; path = libRNOpencv3.a; sourceTree = BUILT_PRODUCTS_DIR; };
		5031DD6C223743680039D838 /* OpencvFuncs.mm */ = {isa = PBXFileReference; lastKnownFileType = sourcecode.cpp.objcpp; path = OpencvFuncs.mm; sourceTree = "<group>"; };
		5031DD70223743890039D838 /* OpencvFuncs.h */ = {isa = PBXFileReference; lastKnownFileType = sourcecode.c.h; path = OpencvFuncs.h; sourceTree = "<group>"; };
		5034F34F21EAF9BD00F0F7B4 /* lbfmodel.yaml */ = {isa = PBXFileReference; fileEncoding = 4; lastKnownFileType = text; path = lbfmodel.yaml; sourceTree = "<group>"; };
		5043A75921DDBA3D000BC241 /* right_ear.xml */ = {isa = PBXFileReference; fileEncoding = 4; lastKnownFileType = text.xml; path = right_ear.xml; sourceTree = "<group>"; };
		5043A75A21DDBA3D000BC241 /* haarcascade_mcs_upperbody.xml */ = {isa = PBXFileReference; fileEncoding = 4; lastKnownFileType = text.xml; path = haarcascade_mcs_upperbody.xml; sourceTree = "<group>"; };
		5043A75B21DDBA3D000BC241 /* left_eye.xml */ = {isa = PBXFileReference; fileEncoding = 4; lastKnownFileType = text.xml; path = left_eye.xml; sourceTree = "<group>"; };
		5043A75C21DDBA3D000BC241 /* haarcascade_frontalface_alt_tree.xml */ = {isa = PBXFileReference; fileEncoding = 4; lastKnownFileType = text.xml; path = haarcascade_frontalface_alt_tree.xml; sourceTree = "<group>"; };
		5043A75D21DDBA3D000BC241 /* haarcascade_mcs_righteye.xml */ = {isa = PBXFileReference; fileEncoding = 4; lastKnownFileType = text.xml; path = haarcascade_mcs_righteye.xml; sourceTree = "<group>"; };
		5043A75F21DDBA3D000BC241 /* haarcascade_fullbody.xml */ = {isa = PBXFileReference; fileEncoding = 4; lastKnownFileType = text.xml; path = haarcascade_fullbody.xml; sourceTree = "<group>"; };
		5043A76021DDBA3E000BC241 /* face.xml */ = {isa = PBXFileReference; fileEncoding = 4; lastKnownFileType = text.xml; path = face.xml; sourceTree = "<group>"; };
		5043A76121DDBA3E000BC241 /* haarcascade_mcs_eyepair_small.xml */ = {isa = PBXFileReference; fileEncoding = 4; lastKnownFileType = text.xml; path = haarcascade_mcs_eyepair_small.xml; sourceTree = "<group>"; };
		5043A76221DDBA3E000BC241 /* haarcascade_frontalface_alt2.xml */ = {isa = PBXFileReference; fileEncoding = 4; lastKnownFileType = text.xml; path = haarcascade_frontalface_alt2.xml; sourceTree = "<group>"; };
		5043A76321DDBA3E000BC241 /* eye.xml */ = {isa = PBXFileReference; fileEncoding = 4; lastKnownFileType = text.xml; path = eye.xml; sourceTree = "<group>"; };
		5043A76421DDBA3E000BC241 /* haarcascade_righteye_2splits.xml */ = {isa = PBXFileReference; fileEncoding = 4; lastKnownFileType = text.xml; path = haarcascade_righteye_2splits.xml; sourceTree = "<group>"; };
		5043A76621DDBA3E000BC241 /* haarcascade_upperbody.xml */ = {isa = PBXFileReference; fileEncoding = 4; lastKnownFileType = text.xml; path = haarcascade_upperbody.xml; sourceTree = "<group>"; };
		5043A76721DDBA3E000BC241 /* mouth.xml */ = {isa = PBXFileReference; fileEncoding = 4; lastKnownFileType = text.xml; path = mouth.xml; sourceTree = "<group>"; };
		5043A76821DDBA3E000BC241 /* haarcascade_eye_tree_eyeglasses.xml */ = {isa = PBXFileReference; fileEncoding = 4; lastKnownFileType = text.xml; path = haarcascade_eye_tree_eyeglasses.xml; sourceTree = "<group>"; };
		5043A76921DDBA3E000BC241 /* haarcascade_profileface.xml */ = {isa = PBXFileReference; fileEncoding = 4; lastKnownFileType = text.xml; path = haarcascade_profileface.xml; sourceTree = "<group>"; };
		5043A76A21DDBA3E000BC241 /* left_ear.xml */ = {isa = PBXFileReference; fileEncoding = 4; lastKnownFileType = text.xml; path = left_ear.xml; sourceTree = "<group>"; };
		5043A76B21DDBA3E000BC241 /* nose.xml */ = {isa = PBXFileReference; fileEncoding = 4; lastKnownFileType = text.xml; path = nose.xml; sourceTree = "<group>"; };
		5043A76C21DDBA3E000BC241 /* haarcascade_mcs_eyepair_big.xml */ = {isa = PBXFileReference; fileEncoding = 4; lastKnownFileType = text.xml; path = haarcascade_mcs_eyepair_big.xml; sourceTree = "<group>"; };
		5043A76D21DDBA3E000BC241 /* haarcascade_frontalface_default.xml */ = {isa = PBXFileReference; fileEncoding = 4; lastKnownFileType = text.xml; path = haarcascade_frontalface_default.xml; sourceTree = "<group>"; };
		5043A76E21DDBA3E000BC241 /* haarcascade_lowerbody.xml */ = {isa = PBXFileReference; fileEncoding = 4; lastKnownFileType = text.xml; path = haarcascade_lowerbody.xml; sourceTree = "<group>"; };
		5043A76F21DDBA3E000BC241 /* lbpcascade_frontalface.xml */ = {isa = PBXFileReference; fileEncoding = 4; lastKnownFileType = text.xml; path = lbpcascade_frontalface.xml; sourceTree = "<group>"; };
		5043A77021DDBA3E000BC241 /* haarcascade_mcs_lefteye.xml */ = {isa = PBXFileReference; fileEncoding = 4; lastKnownFileType = text.xml; path = haarcascade_mcs_lefteye.xml; sourceTree = "<group>"; };
		5080B7F121915DC800170E85 /* RNOpencv3.mm */ = {isa = PBXFileReference; fileEncoding = 4; lastKnownFileType = sourcecode.cpp.objcpp; path = RNOpencv3.mm; sourceTree = "<group>"; };
		5080B7F221915DC800170E85 /* External.h */ = {isa = PBXFileReference; fileEncoding = 4; lastKnownFileType = sourcecode.c.h; path = External.h; sourceTree = "<group>"; };
		5084125622162E00007835FA /* CvInvoke.mm */ = {isa = PBXFileReference; lastKnownFileType = sourcecode.cpp.objcpp; path = CvInvoke.mm; sourceTree = "<group>"; };
		5084125822162EFE007835FA /* CvInvoke.h */ = {isa = PBXFileReference; lastKnownFileType = sourcecode.c.h; path = CvInvoke.h; sourceTree = "<group>"; };
		50CC5D5121EEF945004B431E /* MatManager.h */ = {isa = PBXFileReference; fileEncoding = 4; lastKnownFileType = sourcecode.c.h; path = MatManager.h; sourceTree = "<group>"; };
		50CC5D5221EEF945004B431E /* MatManager.mm */ = {isa = PBXFileReference; fileEncoding = 4; lastKnownFileType = sourcecode.cpp.objcpp; path = MatManager.mm; sourceTree = "<group>"; };
		50FC741A219939E500A48FE3 /* CvCameraView.h */ = {isa = PBXFileReference; lastKnownFileType = sourcecode.c.h; path = CvCameraView.h; sourceTree = "<group>"; };
		50FC7426219953C800A48FE3 /* CvCamera.mm */ = {isa = PBXFileReference; fileEncoding = 4; lastKnownFileType = sourcecode.cpp.objcpp; path = CvCamera.mm; sourceTree = "<group>"; };
		50FC7427219953C800A48FE3 /* CvCameraView.m */ = {isa = PBXFileReference; fileEncoding = 4; lastKnownFileType = sourcecode.c.objc; path = CvCameraView.m; sourceTree = "<group>"; };
		50FC7428219953C800A48FE3 /* CvCamera.h */ = {isa = PBXFileReference; fileEncoding = 4; lastKnownFileType = sourcecode.c.h; path = CvCamera.h; sourceTree = "<group>"; };
		50FC747221997CC000A48FE3 /* FileUtils.mm */ = {isa = PBXFileReference; lastKnownFileType = sourcecode.cpp.objcpp; path = FileUtils.mm; sourceTree = "<group>"; };
		50FC747421997D4000A48FE3 /* FileUtils.h */ = {isa = PBXFileReference; lastKnownFileType = sourcecode.c.h; path = FileUtils.h; sourceTree = "<group>"; };
		B3E7B5881CC2AC0600A0062D /* RNOpencv3.h */ = {isa = PBXFileReference; fileEncoding = 4; lastKnownFileType = sourcecode.c.h; path = RNOpencv3.h; sourceTree = "<group>"; };
/* End PBXFileReference section */

/* Begin PBXFrameworksBuildPhase section */
		58B511D81A9E6C8500147676 /* Frameworks */ = {
			isa = PBXFrameworksBuildPhase;
			buildActionMask = 2147483647;
			files = (
			);
			runOnlyForDeploymentPostprocessing = 0;
		};
/* End PBXFrameworksBuildPhase section */

/* Begin PBXGroup section */
		134814211AA4EA7D00B7C361 /* Products */ = {
			isa = PBXGroup;
			children = (
				134814201AA4EA6300B7C361 /* libRNOpencv3.a */,
			);
			name = Products;
			sourceTree = "<group>";
		};
		50808504221B414400FF5C39 /* Frameworks */ = {
			isa = PBXGroup;
			children = (
			);
			name = Frameworks;
			sourceTree = "<group>";
		};
		50B7C94821C89E3F00A43F6B /* ocvdata */ = {
			isa = PBXGroup;
			children = (
				5034F34F21EAF9BD00F0F7B4 /* lbfmodel.yaml */,
				5043A76321DDBA3E000BC241 /* eye.xml */,
				5043A76021DDBA3E000BC241 /* face.xml */,
				5043A76821DDBA3E000BC241 /* haarcascade_eye_tree_eyeglasses.xml */,
				5043A75C21DDBA3D000BC241 /* haarcascade_frontalface_alt_tree.xml */,
				5043A76221DDBA3E000BC241 /* haarcascade_frontalface_alt2.xml */,
				5043A76D21DDBA3E000BC241 /* haarcascade_frontalface_default.xml */,
				5043A75F21DDBA3D000BC241 /* haarcascade_fullbody.xml */,
				5043A76E21DDBA3E000BC241 /* haarcascade_lowerbody.xml */,
				5043A76C21DDBA3E000BC241 /* haarcascade_mcs_eyepair_big.xml */,
				5043A76121DDBA3E000BC241 /* haarcascade_mcs_eyepair_small.xml */,
				5043A77021DDBA3E000BC241 /* haarcascade_mcs_lefteye.xml */,
				5043A75D21DDBA3D000BC241 /* haarcascade_mcs_righteye.xml */,
				5043A75A21DDBA3D000BC241 /* haarcascade_mcs_upperbody.xml */,
				5043A76921DDBA3E000BC241 /* haarcascade_profileface.xml */,
				5043A76421DDBA3E000BC241 /* haarcascade_righteye_2splits.xml */,
				5043A76621DDBA3E000BC241 /* haarcascade_upperbody.xml */,
				5043A76F21DDBA3E000BC241 /* lbpcascade_frontalface.xml */,
				5043A76A21DDBA3E000BC241 /* left_ear.xml */,
				5043A75B21DDBA3D000BC241 /* left_eye.xml */,
				5043A76721DDBA3E000BC241 /* mouth.xml */,
				5043A76B21DDBA3E000BC241 /* nose.xml */,
				5043A75921DDBA3D000BC241 /* right_ear.xml */,
			);
			path = ocvdata;
			sourceTree = "<group>";
		};
		58B511D21A9E6C8500147676 = {
			isa = PBXGroup;
			children = (
				5031DD70223743890039D838 /* OpencvFuncs.h */,
				5031DD6C223743680039D838 /* OpencvFuncs.mm */,
				50FC7428219953C800A48FE3 /* CvCamera.h */,
				50FC7426219953C800A48FE3 /* CvCamera.mm */,
				50FC7427219953C800A48FE3 /* CvCameraView.m */,
				50FC741A219939E500A48FE3 /* CvCameraView.h */,
				5084125822162EFE007835FA /* CvInvoke.h */,
				5084125622162E00007835FA /* CvInvoke.mm */,
				50CC5D5121EEF945004B431E /* MatManager.h */,
				50CC5D5221EEF945004B431E /* MatManager.mm */,
				50FC747421997D4000A48FE3 /* FileUtils.h */,
				50FC747221997CC000A48FE3 /* FileUtils.mm */,
				5080B7F221915DC800170E85 /* External.h */,
				5080B7F121915DC800170E85 /* RNOpencv3.mm */,
				B3E7B5881CC2AC0600A0062D /* RNOpencv3.h */,
				50B7C94821C89E3F00A43F6B /* ocvdata */,
				134814211AA4EA7D00B7C361 /* Products */,
				50808504221B414400FF5C39 /* Frameworks */,
			);
			sourceTree = "<group>";
		};
/* End PBXGroup section */

/* Begin PBXNativeTarget section */
		58B511DA1A9E6C8500147676 /* RNOpencv3 */ = {
			isa = PBXNativeTarget;
			buildConfigurationList = 58B511EF1A9E6C8500147676 /* Build configuration list for PBXNativeTarget "RNOpencv3" */;
			buildPhases = (
				58B511D71A9E6C8500147676 /* Sources */,
				58B511D81A9E6C8500147676 /* Frameworks */,
				58B511D91A9E6C8500147676 /* CopyFiles */,
			);
			buildRules = (
			);
			dependencies = (
			);
			name = RNOpencv3;
			productName = RCTDataManager;
			productReference = 134814201AA4EA6300B7C361 /* libRNOpencv3.a */;
			productType = "com.apple.product-type.library.static";
		};
/* End PBXNativeTarget section */

/* Begin PBXProject section */
		58B511D31A9E6C8500147676 /* Project object */ = {
			isa = PBXProject;
			attributes = {
				LastUpgradeCheck = 0830;
				ORGANIZATIONNAME = Facebook;
				TargetAttributes = {
					58B511DA1A9E6C8500147676 = {
						CreatedOnToolsVersion = 6.1.1;
					};
				};
			};
			buildConfigurationList = 58B511D61A9E6C8500147676 /* Build configuration list for PBXProject "RNOpencv3" */;
			compatibilityVersion = "Xcode 3.2";
			developmentRegion = English;
			hasScannedForEncodings = 0;
			knownRegions = (
				English,
				en,
			);
			mainGroup = 58B511D21A9E6C8500147676;
			productRefGroup = 58B511D21A9E6C8500147676;
			projectDirPath = "";
			projectRoot = "";
			targets = (
				58B511DA1A9E6C8500147676 /* RNOpencv3 */,
			);
		};
/* End PBXProject section */

/* Begin PBXSourcesBuildPhase section */
		58B511D71A9E6C8500147676 /* Sources */ = {
			isa = PBXSourcesBuildPhase;
			buildActionMask = 2147483647;
			files = (
				5084125722162E00007835FA /* CvInvoke.mm in Sources */,
				5031DD6D223743680039D838 /* OpencvFuncs.mm in Sources */,
				5080B7F321915DC800170E85 /* RNOpencv3.mm in Sources */,
				50FC742A219953C800A48FE3 /* CvCameraView.m in Sources */,
				50CC5D5321EEF945004B431E /* MatManager.mm in Sources */,
				50FC7429219953C800A48FE3 /* CvCamera.mm in Sources */,
				50FC747321997CC000A48FE3 /* FileUtils.mm in Sources */,
			);
			runOnlyForDeploymentPostprocessing = 0;
		};
/* End PBXSourcesBuildPhase section */

/* Begin XCBuildConfiguration section */
		58B511ED1A9E6C8500147676 /* Debug */ = {
			isa = XCBuildConfiguration;
			buildSettings = {
				ALWAYS_SEARCH_USER_PATHS = NO;
				CLANG_CXX_LANGUAGE_STANDARD = "gnu++0x";
				CLANG_CXX_LIBRARY = "libc++";
				CLANG_ENABLE_MODULES = YES;
				CLANG_ENABLE_OBJC_ARC = YES;
				CLANG_WARN_BOOL_CONVERSION = YES;
				CLANG_WARN_CONSTANT_CONVERSION = YES;
				CLANG_WARN_DIRECT_OBJC_ISA_USAGE = YES_ERROR;
				CLANG_WARN_EMPTY_BODY = YES;
				CLANG_WARN_ENUM_CONVERSION = YES;
				CLANG_WARN_INFINITE_RECURSION = YES;
				CLANG_WARN_INT_CONVERSION = YES;
				CLANG_WARN_OBJC_ROOT_CLASS = YES_ERROR;
				CLANG_WARN_SUSPICIOUS_MOVE = YES;
				CLANG_WARN_UNREACHABLE_CODE = YES;
				CLANG_WARN__DUPLICATE_METHOD_MATCH = YES;
				COPY_PHASE_STRIP = NO;
				ENABLE_STRICT_OBJC_MSGSEND = YES;
				ENABLE_TESTABILITY = YES;
				GCC_C_LANGUAGE_STANDARD = gnu99;
				GCC_DYNAMIC_NO_PIC = NO;
				GCC_NO_COMMON_BLOCKS = YES;
				GCC_OPTIMIZATION_LEVEL = 0;
				GCC_PREPROCESSOR_DEFINITIONS = (
					"DEBUG=1",
					"$(inherited)",
				);
				GCC_SYMBOLS_PRIVATE_EXTERN = NO;
				GCC_WARN_64_TO_32_BIT_CONVERSION = YES;
				GCC_WARN_ABOUT_RETURN_TYPE = YES_ERROR;
				GCC_WARN_UNDECLARED_SELECTOR = YES;
				GCC_WARN_UNINITIALIZED_AUTOS = YES_AGGRESSIVE;
				GCC_WARN_UNUSED_FUNCTION = YES;
				GCC_WARN_UNUSED_VARIABLE = YES;
				IPHONEOS_DEPLOYMENT_TARGET = 9.0;
				MTL_ENABLE_DEBUG_INFO = YES;
				ONLY_ACTIVE_ARCH = YES;
				SDKROOT = iphoneos;
			};
			name = Debug;
		};
		58B511EE1A9E6C8500147676 /* Release */ = {
			isa = XCBuildConfiguration;
			buildSettings = {
				ALWAYS_SEARCH_USER_PATHS = NO;
				CLANG_CXX_LANGUAGE_STANDARD = "gnu++0x";
				CLANG_CXX_LIBRARY = "libc++";
				CLANG_ENABLE_MODULES = YES;
				CLANG_ENABLE_OBJC_ARC = YES;
				CLANG_WARN_BOOL_CONVERSION = YES;
				CLANG_WARN_CONSTANT_CONVERSION = YES;
				CLANG_WARN_DIRECT_OBJC_ISA_USAGE = YES_ERROR;
				CLANG_WARN_EMPTY_BODY = YES;
				CLANG_WARN_ENUM_CONVERSION = YES;
				CLANG_WARN_INFINITE_RECURSION = YES;
				CLANG_WARN_INT_CONVERSION = YES;
				CLANG_WARN_OBJC_ROOT_CLASS = YES_ERROR;
				CLANG_WARN_SUSPICIOUS_MOVE = YES;
				CLANG_WARN_UNREACHABLE_CODE = YES;
				CLANG_WARN__DUPLICATE_METHOD_MATCH = YES;
				COPY_PHASE_STRIP = YES;
				ENABLE_NS_ASSERTIONS = NO;
				ENABLE_STRICT_OBJC_MSGSEND = YES;
				GCC_C_LANGUAGE_STANDARD = gnu99;
				GCC_NO_COMMON_BLOCKS = YES;
				GCC_WARN_64_TO_32_BIT_CONVERSION = YES;
				GCC_WARN_ABOUT_RETURN_TYPE = YES_ERROR;
				GCC_WARN_UNDECLARED_SELECTOR = YES;
				GCC_WARN_UNINITIALIZED_AUTOS = YES_AGGRESSIVE;
				GCC_WARN_UNUSED_FUNCTION = YES;
				GCC_WARN_UNUSED_VARIABLE = YES;
				IPHONEOS_DEPLOYMENT_TARGET = 9.0;
				MTL_ENABLE_DEBUG_INFO = NO;
				SDKROOT = iphoneos;
				VALIDATE_PRODUCT = YES;
			};
			name = Release;
		};
		58B511F01A9E6C8500147676 /* Debug */ = {
			isa = XCBuildConfiguration;
			buildSettings = {
				CLANG_CXX_LANGUAGE_STANDARD = "compiler-default";
				CLANG_CXX_LIBRARY = "compiler-default";
				CLANG_ENABLE_OBJC_ARC = YES;
				FRAMEWORK_SEARCH_PATHS = "$(PROJECT_DIR)/../../../ios/Pods/libopencv-contrib";
				GCC_C_LANGUAGE_STANDARD = "compiler-default";
				GCC_PREFIX_HEADER = ./PrefixHeader.pch;
				HEADER_SEARCH_PATHS = (
					"$(inherited)",
					/Applications/Xcode.app/Contents/Developer/Toolchains/XcodeDefault.xctoolchain/usr/include,
					"$(SRCROOT)/../../../React/**",
					"$(SRCROOT)/../../react-native/React/**",
				);
				LIBRARY_SEARCH_PATHS = "$(inherited)";
				OTHER_LDFLAGS = "-ObjC";
				PRODUCT_NAME = RNOpencv3;
				SKIP_INSTALL = YES;
			};
			name = Debug;
		};
		58B511F11A9E6C8500147676 /* Release */ = {
			isa = XCBuildConfiguration;
			buildSettings = {
				CLANG_CXX_LANGUAGE_STANDARD = "compiler-default";
				CLANG_CXX_LIBRARY = "compiler-default";
				CLANG_ENABLE_OBJC_ARC = YES;
				FRAMEWORK_SEARCH_PATHS = "$(PROJECT_DIR)/../../../ios/Pods/libopencv-contrib";
				GCC_C_LANGUAGE_STANDARD = "compiler-default";
				GCC_PREFIX_HEADER = ./PrefixHeader.pch;
				HEADER_SEARCH_PATHS = (
					"$(inherited)",
					/Applications/Xcode.app/Contents/Developer/Toolchains/XcodeDefault.xctoolchain/usr/include,
					"$(SRCROOT)/../../../React/**",
					"$(SRCROOT)/../../react-native/React/**",
				);
				LIBRARY_SEARCH_PATHS = "$(inherited)";
				OTHER_LDFLAGS = "-ObjC";
				PRODUCT_NAME = RNOpencv3;
				SKIP_INSTALL = YES;
			};
			name = Release;
		};
/* End XCBuildConfiguration section */

/* Begin XCConfigurationList section */
		58B511D61A9E6C8500147676 /* Build configuration list for PBXProject "RNOpencv3" */ = {
			isa = XCConfigurationList;
			buildConfigurations = (
				58B511ED1A9E6C8500147676 /* Debug */,
				58B511EE1A9E6C8500147676 /* Release */,
			);
			defaultConfigurationIsVisible = 0;
			defaultConfigurationName = Release;
		};
		58B511EF1A9E6C8500147676 /* Build configuration list for PBXNativeTarget "RNOpencv3" */ = {
			isa = XCConfigurationList;
			buildConfigurations = (
				58B511F01A9E6C8500147676 /* Debug */,
				58B511F11A9E6C8500147676 /* Release */,
			);
			defaultConfigurationIsVisible = 0;
			defaultConfigurationName = Release;
		};
/* End XCConfigurationList section */
	};
	rootObject = 58B511D31A9E6C8500147676 /* Project object */;
}
